// !$*UTF8*$!
{
	archiveVersion = 1;
	classes = {
	};
	objectVersion = 46;
	objects = {

/* Begin PBXBuildFile section */
		3295AD201B54979800C5349D /* AppDelegate.swift in Sources */ = {isa = PBXBuildFile; fileRef = 3295AD1F1B54979800C5349D /* AppDelegate.swift */; };
		3295AD221B54979800C5349D /* ChapterPlayerViewController.swift in Sources */ = {isa = PBXBuildFile; fileRef = 3295AD211B54979800C5349D /* ChapterPlayerViewController.swift */; };
		3295AD251B54979800C5349D /* Main.storyboard in Resources */ = {isa = PBXBuildFile; fileRef = 3295AD231B54979800C5349D /* Main.storyboard */; };
		3295AD271B54979800C5349D /* Assets.xcassets in Resources */ = {isa = PBXBuildFile; fileRef = 3295AD261B54979800C5349D /* Assets.xcassets */; };
		3295AD2A1B54979800C5349D /* LaunchScreen.storyboard in Resources */ = {isa = PBXBuildFile; fileRef = 3295AD281B54979800C5349D /* LaunchScreen.storyboard */; };
		3295AD331B5497B300C5349D /* AVFoundation.framework in Frameworks */ = {isa = PBXBuildFile; fileRef = 3295AD311B5497B300C5349D /* AVFoundation.framework */; };
		3295AD341B5497B300C5349D /* AVKit.framework in Frameworks */ = {isa = PBXBuildFile; fileRef = 3295AD321B5497B300C5349D /* AVKit.framework */; };
		3295AD361B549C3E00C5349D /* SimpleSubtitleCell.swift in Sources */ = {isa = PBXBuildFile; fileRef = 3295AD351B549C3E00C5349D /* SimpleSubtitleCell.swift */; };
		3295AD381B549C6D00C5349D /* ChapterSelectorViewController.swift in Sources */ = {isa = PBXBuildFile; fileRef = 3295AD371B549C6D00C5349D /* ChapterSelectorViewController.swift */; };
		3295AD3A1B549C7700C5349D /* Chapter.swift in Sources */ = {isa = PBXBuildFile; fileRef = 3295AD391B549C7700C5349D /* Chapter.swift */; };
		3295AD3C1B54A0C600C5349D /* SimpleDataSource.swift in Sources */ = {isa = PBXBuildFile; fileRef = 3295AD3B1B54A0C600C5349D /* SimpleDataSource.swift */; };
		3295AD3E1B54A0F400C5349D /* ChapterManager.swift in Sources */ = {isa = PBXBuildFile; fileRef = 3295AD3D1B54A0F400C5349D /* ChapterManager.swift */; };
		3295AD401B54A8EC00C5349D /* SegueHandlerType.swift in Sources */ = {isa = PBXBuildFile; fileRef = 3295AD3F1B54A8EC00C5349D /* SegueHandlerType.swift */; };
		3295AD431B54ABFE00C5349D /* ChapterPlaybackSupported.swift in Sources */ = {isa = PBXBuildFile; fileRef = 3295AD421B54ABFE00C5349D /* ChapterPlaybackSupported.swift */; };
		3295AD4A1B54BE2000C5349D /* ChapterMode.swift in Sources */ = {isa = PBXBuildFile; fileRef = 3295AD491B54BE2000C5349D /* ChapterMode.swift */; };
/* End PBXBuildFile section */

/* Begin PBXFileReference section */
		3295AD1C1B54979800C5349D /* ChapterPicker.app */ = {isa = PBXFileReference; explicitFileType = wrapper.application; includeInIndex = 0; path = ChapterPicker.app; sourceTree = BUILT_PRODUCTS_DIR; };
		3295AD1F1B54979800C5349D /* AppDelegate.swift */ = {isa = PBXFileReference; lastKnownFileType = sourcecode.swift; path = AppDelegate.swift; sourceTree = "<group>"; };
		3295AD211B54979800C5349D /* ChapterPlayerViewController.swift */ = {isa = PBXFileReference; lastKnownFileType = sourcecode.swift; path = ChapterPlayerViewController.swift; sourceTree = "<group>"; };
		3295AD241B54979800C5349D /* Base */ = {isa = PBXFileReference; lastKnownFileType = file.storyboard; name = Base; path = Base.lproj/Main.storyboard; sourceTree = "<group>"; };
		3295AD261B54979800C5349D /* Assets.xcassets */ = {isa = PBXFileReference; lastKnownFileType = folder.assetcatalog; path = Assets.xcassets; sourceTree = "<group>"; };
		3295AD291B54979800C5349D /* Base */ = {isa = PBXFileReference; lastKnownFileType = file.storyboard; name = Base; path = Base.lproj/LaunchScreen.storyboard; sourceTree = "<group>"; };
		3295AD2B1B54979800C5349D /* Info.plist */ = {isa = PBXFileReference; lastKnownFileType = text.plist.xml; path = Info.plist; sourceTree = "<group>"; };
		3295AD311B5497B300C5349D /* AVFoundation.framework */ = {isa = PBXFileReference; lastKnownFileType = wrapper.framework; name = AVFoundation.framework; path = System/Library/Frameworks/AVFoundation.framework; sourceTree = SDKROOT; };
		3295AD321B5497B300C5349D /* AVKit.framework */ = {isa = PBXFileReference; lastKnownFileType = wrapper.framework; name = AVKit.framework; path = System/Library/Frameworks/AVKit.framework; sourceTree = SDKROOT; };
		3295AD351B549C3E00C5349D /* SimpleSubtitleCell.swift */ = {isa = PBXFileReference; fileEncoding = 4; lastKnownFileType = sourcecode.swift; path = SimpleSubtitleCell.swift; sourceTree = "<group>"; };
		3295AD371B549C6D00C5349D /* ChapterSelectorViewController.swift */ = {isa = PBXFileReference; fileEncoding = 4; lastKnownFileType = sourcecode.swift; path = ChapterSelectorViewController.swift; sourceTree = "<group>"; };
		3295AD391B549C7700C5349D /* Chapter.swift */ = {isa = PBXFileReference; fileEncoding = 4; lastKnownFileType = sourcecode.swift; path = Chapter.swift; sourceTree = "<group>"; };
		3295AD3B1B54A0C600C5349D /* SimpleDataSource.swift */ = {isa = PBXFileReference; fileEncoding = 4; lastKnownFileType = sourcecode.swift; path = SimpleDataSource.swift; sourceTree = "<group>"; };
		3295AD3D1B54A0F400C5349D /* ChapterManager.swift */ = {isa = PBXFileReference; fileEncoding = 4; lastKnownFileType = sourcecode.swift; path = ChapterManager.swift; sourceTree = "<group>"; };
		3295AD3F1B54A8EC00C5349D /* SegueHandlerType.swift */ = {isa = PBXFileReference; fileEncoding = 4; lastKnownFileType = sourcecode.swift; path = SegueHandlerType.swift; sourceTree = "<group>"; };
		3295AD421B54ABFE00C5349D /* ChapterPlaybackSupported.swift */ = {isa = PBXFileReference; fileEncoding = 4; lastKnownFileType = sourcecode.swift; path = ChapterPlaybackSupported.swift; sourceTree = "<group>"; };
		3295AD491B54BE2000C5349D /* ChapterMode.swift */ = {isa = PBXFileReference; fileEncoding = 4; lastKnownFileType = sourcecode.swift; path = ChapterMode.swift; sourceTree = "<group>"; };
/* End PBXFileReference section */

/* Begin PBXFrameworksBuildPhase section */
		3295AD191B54979800C5349D /* Frameworks */ = {
			isa = PBXFrameworksBuildPhase;
			buildActionMask = 2147483647;
			files = (
				3295AD331B5497B300C5349D /* AVFoundation.framework in Frameworks */,
				3295AD341B5497B300C5349D /* AVKit.framework in Frameworks */,
			);
			runOnlyForDeploymentPostprocessing = 0;
		};
/* End PBXFrameworksBuildPhase section */

/* Begin PBXGroup section */
		3295AD131B54979800C5349D = {
			isa = PBXGroup;
			children = (
				3295AD1E1B54979800C5349D /* ChapterPicker */,
				3295AD481B54B92E00C5349D /* Frameworks */,
				3295AD1D1B54979800C5349D /* Products */,
			);
			sourceTree = "<group>";
		};
		3295AD1D1B54979800C5349D /* Products */ = {
			isa = PBXGroup;
			children = (
				3295AD1C1B54979800C5349D /* ChapterPicker.app */,
			);
			name = Products;
			sourceTree = "<group>";
		};
		3295AD1E1B54979800C5349D /* ChapterPicker */ = {
			isa = PBXGroup;
			children = (
				3295AD1F1B54979800C5349D /* AppDelegate.swift */,
				3295AD231B54979800C5349D /* Main.storyboard */,
				3295AD451B54ACD900C5349D /* Model */,
				3295AD441B54ACCA00C5349D /* Chapters */,
				3295AD411B54AAE800C5349D /* Utilities */,
				3295AD261B54979800C5349D /* Assets.xcassets */,
				3295AD281B54979800C5349D /* LaunchScreen.storyboard */,
				3295AD2B1B54979800C5349D /* Info.plist */,
			);
			path = ChapterPicker;
			sourceTree = "<group>";
		};
		3295AD411B54AAE800C5349D /* Utilities */ = {
			isa = PBXGroup;
			children = (
				3295AD351B549C3E00C5349D /* SimpleSubtitleCell.swift */,
				3295AD3F1B54A8EC00C5349D /* SegueHandlerType.swift */,
			);
			name = Utilities;
			sourceTree = "<group>";
		};
		3295AD441B54ACCA00C5349D /* Chapters */ = {
			isa = PBXGroup;
			children = (
				3295AD211B54979800C5349D /* ChapterPlayerViewController.swift */,
				3295AD371B549C6D00C5349D /* ChapterSelectorViewController.swift */,
				3295AD471B54ACFE00C5349D /* Protocols */,
			);
			name = Chapters;
			sourceTree = "<group>";
		};
		3295AD451B54ACD900C5349D /* Model */ = {
			isa = PBXGroup;
			children = (
				3295AD3B1B54A0C600C5349D /* SimpleDataSource.swift */,
				3295AD461B54ACE800C5349D /* Chapter */,
			);
			name = Model;
			sourceTree = "<group>";
		};
		3295AD461B54ACE800C5349D /* Chapter */ = {
			isa = PBXGroup;
			children = (
				3295AD391B549C7700C5349D /* Chapter.swift */,
				3295AD3D1B54A0F400C5349D /* ChapterManager.swift */,
			);
			name = Chapter;
			sourceTree = "<group>";
		};
		3295AD471B54ACFE00C5349D /* Protocols */ = {
			isa = PBXGroup;
			children = (
				3295AD421B54ABFE00C5349D /* ChapterPlaybackSupported.swift */,
				3295AD491B54BE2000C5349D /* ChapterMode.swift */,
			);
			name = Protocols;
			sourceTree = "<group>";
		};
		3295AD481B54B92E00C5349D /* Frameworks */ = {
			isa = PBXGroup;
			children = (
				3295AD311B5497B300C5349D /* AVFoundation.framework */,
				3295AD321B5497B300C5349D /* AVKit.framework */,
			);
			name = Frameworks;
			sourceTree = "<group>";
		};
/* End PBXGroup section */

/* Begin PBXNativeTarget section */
		3295AD1B1B54979800C5349D /* ChapterPicker */ = {
			isa = PBXNativeTarget;
			buildConfigurationList = 3295AD2E1B54979800C5349D /* Build configuration list for PBXNativeTarget "ChapterPicker" */;
			buildPhases = (
				3295AD181B54979800C5349D /* Sources */,
				3295AD191B54979800C5349D /* Frameworks */,
				3295AD1A1B54979800C5349D /* Resources */,
			);
			buildRules = (
			);
			dependencies = (
			);
			name = ChapterPicker;
			productName = ChapterPicker;
			productReference = 3295AD1C1B54979800C5349D /* ChapterPicker.app */;
			productType = "com.apple.product-type.application";
		};
/* End PBXNativeTarget section */

/* Begin PBXProject section */
		3295AD141B54979800C5349D /* Project object */ = {
			isa = PBXProject;
			attributes = {
				LastUpgradeCheck = 0700;
				ORGANIZATIONNAME = "Jake Young";
				TargetAttributes = {
					3295AD1B1B54979800C5349D = {
						CreatedOnToolsVersion = 7.0;
					};
				};
			};
			buildConfigurationList = 3295AD171B54979800C5349D /* Build configuration list for PBXProject "ChapterPicker" */;
			compatibilityVersion = "Xcode 3.2";
			developmentRegion = English;
			hasScannedForEncodings = 0;
			knownRegions = (
				en,
				Base,
			);
			mainGroup = 3295AD131B54979800C5349D;
			productRefGroup = 3295AD1D1B54979800C5349D /* Products */;
			projectDirPath = "";
			projectRoot = "";
			targets = (
				3295AD1B1B54979800C5349D /* ChapterPicker */,
			);
		};
/* End PBXProject section */

/* Begin PBXResourcesBuildPhase section */
		3295AD1A1B54979800C5349D /* Resources */ = {
			isa = PBXResourcesBuildPhase;
			buildActionMask = 2147483647;
			files = (
				3295AD2A1B54979800C5349D /* LaunchScreen.storyboard in Resources */,
				3295AD271B54979800C5349D /* Assets.xcassets in Resources */,
				3295AD251B54979800C5349D /* Main.storyboard in Resources */,
			);
			runOnlyForDeploymentPostprocessing = 0;
		};
/* End PBXResourcesBuildPhase section */

/* Begin PBXSourcesBuildPhase section */
		3295AD181B54979800C5349D /* Sources */ = {
			isa = PBXSourcesBuildPhase;
			buildActionMask = 2147483647;
			files = (
				3295AD3C1B54A0C600C5349D /* SimpleDataSource.swift in Sources */,
				3295AD361B549C3E00C5349D /* SimpleSubtitleCell.swift in Sources */,
				3295AD4A1B54BE2000C5349D /* ChapterMode.swift in Sources */,
				3295AD401B54A8EC00C5349D /* SegueHandlerType.swift in Sources */,
				3295AD3E1B54A0F400C5349D /* ChapterManager.swift in Sources */,
				3295AD3A1B549C7700C5349D /* Chapter.swift in Sources */,
				3295AD431B54ABFE00C5349D /* ChapterPlaybackSupported.swift in Sources */,
				3295AD381B549C6D00C5349D /* ChapterSelectorViewController.swift in Sources */,
				3295AD221B54979800C5349D /* ChapterPlayerViewController.swift in Sources */,
				3295AD201B54979800C5349D /* AppDelegate.swift in Sources */,
			);
			runOnlyForDeploymentPostprocessing = 0;
		};
/* End PBXSourcesBuildPhase section */

/* Begin PBXVariantGroup section */
		3295AD231B54979800C5349D /* Main.storyboard */ = {
			isa = PBXVariantGroup;
			children = (
				3295AD241B54979800C5349D /* Base */,
			);
			name = Main.storyboard;
			sourceTree = "<group>";
		};
		3295AD281B54979800C5349D /* LaunchScreen.storyboard */ = {
			isa = PBXVariantGroup;
			children = (
				3295AD291B54979800C5349D /* Base */,
			);
			name = LaunchScreen.storyboard;
			sourceTree = "<group>";
		};
/* End PBXVariantGroup section */

/* Begin XCBuildConfiguration section */
		3295AD2C1B54979800C5349D /* Debug */ = {
			isa = XCBuildConfiguration;
			buildSettings = {
				ALWAYS_SEARCH_USER_PATHS = NO;
				CLANG_CXX_LANGUAGE_STANDARD = "gnu++0x";
				CLANG_CXX_LIBRARY = "libc++";
				CLANG_ENABLE_MODULES = YES;
				CLANG_ENABLE_OBJC_ARC = YES;
				CLANG_WARN_BOOL_CONVERSION = YES;
				CLANG_WARN_CONSTANT_CONVERSION = YES;
				CLANG_WARN_DIRECT_OBJC_ISA_USAGE = YES_ERROR;
				CLANG_WARN_EMPTY_BODY = YES;
				CLANG_WARN_ENUM_CONVERSION = YES;
				CLANG_WARN_INT_CONVERSION = YES;
				CLANG_WARN_OBJC_ROOT_CLASS = YES_ERROR;
				CLANG_WARN_UNREACHABLE_CODE = YES;
				CLANG_WARN__DUPLICATE_METHOD_MATCH = YES;
				"CODE_SIGN_IDENTITY[sdk=iphoneos*]" = "iPhone Developer";
				COPY_PHASE_STRIP = NO;
				DEBUG_INFORMATION_FORMAT = dwarf;
				ENABLE_STRICT_OBJC_MSGSEND = YES;
				ENABLE_TESTABILITY = YES;
				GCC_C_LANGUAGE_STANDARD = gnu99;
				GCC_DYNAMIC_NO_PIC = NO;
				GCC_NO_COMMON_BLOCKS = YES;
				GCC_OPTIMIZATION_LEVEL = 0;
				GCC_PREPROCESSOR_DEFINITIONS = (
					"DEBUG=1",
					"$(inherited)",
				);
				GCC_WARN_64_TO_32_BIT_CONVERSION = YES;
				GCC_WARN_ABOUT_RETURN_TYPE = YES_ERROR;
				GCC_WARN_UNDECLARED_SELECTOR = YES;
				GCC_WARN_UNINITIALIZED_AUTOS = YES_AGGRESSIVE;
				GCC_WARN_UNUSED_FUNCTION = YES;
				GCC_WARN_UNUSED_VARIABLE = YES;
				IPHONEOS_DEPLOYMENT_TARGET = 9.0;
				MTL_ENABLE_DEBUG_INFO = YES;
				ONLY_ACTIVE_ARCH = YES;
				SDKROOT = iphoneos;
				SWIFT_OPTIMIZATION_LEVEL = "-Onone";
				TARGETED_DEVICE_FAMILY = "1,2";
			};
			name = Debug;
		};
		3295AD2D1B54979800C5349D /* Release */ = {
			isa = XCBuildConfiguration;
			buildSettings = {
				ALWAYS_SEARCH_USER_PATHS = NO;
				CLANG_CXX_LANGUAGE_STANDARD = "gnu++0x";
				CLANG_CXX_LIBRARY = "libc++";
				CLANG_ENABLE_MODULES = YES;
				CLANG_ENABLE_OBJC_ARC = YES;
				CLANG_WARN_BOOL_CONVERSION = YES;
				CLANG_WARN_CONSTANT_CONVERSION = YES;
				CLANG_WARN_DIRECT_OBJC_ISA_USAGE = YES_ERROR;
				CLANG_WARN_EMPTY_BODY = YES;
				CLANG_WARN_ENUM_CONVERSION = YES;
				CLANG_WARN_INT_CONVERSION = YES;
				CLANG_WARN_OBJC_ROOT_CLASS = YES_ERROR;
				CLANG_WARN_UNREACHABLE_CODE = YES;
				CLANG_WARN__DUPLICATE_METHOD_MATCH = YES;
				"CODE_SIGN_IDENTITY[sdk=iphoneos*]" = "iPhone Developer";
				COPY_PHASE_STRIP = NO;
				DEBUG_INFORMATION_FORMAT = "dwarf-with-dsym";
				ENABLE_NS_ASSERTIONS = NO;
				ENABLE_STRICT_OBJC_MSGSEND = YES;
				GCC_C_LANGUAGE_STANDARD = gnu99;
				GCC_NO_COMMON_BLOCKS = YES;
				GCC_WARN_64_TO_32_BIT_CONVERSION = YES;
				GCC_WARN_ABOUT_RETURN_TYPE = YES_ERROR;
				GCC_WARN_UNDECLARED_SELECTOR = YES;
				GCC_WARN_UNINITIALIZED_AUTOS = YES_AGGRESSIVE;
				GCC_WARN_UNUSED_FUNCTION = YES;
				GCC_WARN_UNUSED_VARIABLE = YES;
				IPHONEOS_DEPLOYMENT_TARGET = 9.0;
				MTL_ENABLE_DEBUG_INFO = NO;
				SDKROOT = iphoneos;
				TARGETED_DEVICE_FAMILY = "1,2";
				VALIDATE_PRODUCT = YES;
			};
			name = Release;
		};
		3295AD2F1B54979800C5349D /* Debug */ = {
			isa = XCBuildConfiguration;
			buildSettings = {
				ASSETCATALOG_COMPILER_APPICON_NAME = AppIcon;
				INFOPLIST_FILE = ChapterPicker/Info.plist;
				LD_RUNPATH_SEARCH_PATHS = "$(inherited) @executable_path/Frameworks";
				PRODUCT_BUNDLE_IDENTIFIER = jy.ChapterPicker;
				PRODUCT_NAME = "$(TARGET_NAME)";
			};
			name = Debug;
		};
		3295AD301B54979800C5349D /* Release */ = {
			isa = XCBuildConfiguration;
			buildSettings = {
				ASSETCATALOG_COMPILER_APPICON_NAME = AppIcon;
				INFOPLIST_FILE = ChapterPicker/Info.plist;
				LD_RUNPATH_SEARCH_PATHS = "$(inherited) @executable_path/Frameworks";
				PRODUCT_BUNDLE_IDENTIFIER = jy.ChapterPicker;
				PRODUCT_NAME = "$(TARGET_NAME)";
			};
			name = Release;
		};
/* End XCBuildConfiguration section */

/* Begin XCConfigurationList section */
		3295AD171B54979800C5349D /* Build configuration list for PBXProject "ChapterPicker" */ = {
			isa = XCConfigurationList;
			buildConfigurations = (
				3295AD2C1B54979800C5349D /* Debug */,
				3295AD2D1B54979800C5349D /* Release */,
			);
			defaultConfigurationIsVisible = 0;
			defaultConfigurationName = Release;
		};
		3295AD2E1B54979800C5349D /* Build configuration list for PBXNativeTarget "ChapterPicker" */ = {
			isa = XCConfigurationList;
			buildConfigurations = (
				3295AD2F1B54979800C5349D /* Debug */,
				3295AD301B54979800C5349D /* Release */,
			);
			defaultConfigurationIsVisible = 0;
			defaultConfigurationName = Release;
		};
/* End XCConfigurationList section */
	};
	rootObject = 3295AD141B54979800C5349D /* Project object */;
}
